// !$*UTF8*$!
{
	archiveVersion = 1;
	classes = {
	};
	objectVersion = 46;
	objects = {

/* Begin PBXBuildFile section */
		4768F6CA3B44505DBE417851 /* Pods_Fileworx_Patrick.framework in Frameworks */ = {isa = PBXBuildFile; fileRef = 26D65A9ABB6C9D704BC16EEE /* Pods_Fileworx_Patrick.framework */; };
		A90DBDD51E8285EA00E532D0 /* FWLeftSideMenu.swift in Sources */ = {isa = PBXBuildFile; fileRef = A90DBDD41E8285EA00E532D0 /* FWLeftSideMenu.swift */; };
		A90DBDD81E82867100E532D0 /* FWLeftSideMenuCell.swift in Sources */ = {isa = PBXBuildFile; fileRef = A90DBDD71E82867100E532D0 /* FWLeftSideMenuCell.swift */; };
		A90DBDDA1E82876A00E532D0 /* FWUtilityDrawer.swift in Sources */ = {isa = PBXBuildFile; fileRef = A90DBDD91E82876A00E532D0 /* FWUtilityDrawer.swift */; };
		A933E86C1E5FFE8F00B5D18F /* FWContents.swift in Sources */ = {isa = PBXBuildFile; fileRef = A933E8671E5FFE8F00B5D18F /* FWContents.swift */; };
		A933E86D1E5FFE8F00B5D18F /* FWData.swift in Sources */ = {isa = PBXBuildFile; fileRef = A933E8681E5FFE8F00B5D18F /* FWData.swift */; };
		A933E86E1E5FFE8F00B5D18F /* FWDateOptionsList.swift in Sources */ = {isa = PBXBuildFile; fileRef = A933E8691E5FFE8F00B5D18F /* FWDateOptionsList.swift */; };
		A933E86F1E5FFE8F00B5D18F /* FWMessage.swift in Sources */ = {isa = PBXBuildFile; fileRef = A933E86A1E5FFE8F00B5D18F /* FWMessage.swift */; };
		A933E8701E5FFE8F00B5D18F /* FWPaginationInfo.swift in Sources */ = {isa = PBXBuildFile; fileRef = A933E86B1E5FFE8F00B5D18F /* FWPaginationInfo.swift */; };
		A933E8741E600C6300B5D18F /* FWMessageListCell.swift in Sources */ = {isa = PBXBuildFile; fileRef = A933E8731E600C6300B5D18F /* FWMessageListCell.swift */; };
		A95607C61E1B818800BE25C7 /* HomeVC.swift in Sources */ = {isa = PBXBuildFile; fileRef = A95607C51E1B818800BE25C7 /* HomeVC.swift */; };
		A988A9E41E1CC57C009F4729 /* MessageVC.swift in Sources */ = {isa = PBXBuildFile; fileRef = A988A9E31E1CC57C009F4729 /* MessageVC.swift */; };
		A988A9E71E1CC59B009F4729 /* MediaVC.swift in Sources */ = {isa = PBXBuildFile; fileRef = A988A9E61E1CC59B009F4729 /* MediaVC.swift */; };
		A988A9EB1E1CCBD3009F4729 /* Constants.swift in Sources */ = {isa = PBXBuildFile; fileRef = A988A9EA1E1CCBD3009F4729 /* Constants.swift */; };
		A99249B51E3877640085924B /* WebService.swift in Sources */ = {isa = PBXBuildFile; fileRef = A99249B41E3877640085924B /* WebService.swift */; };
		A99249FC1E38A2830085924B /* FWDataMobileSetting.swift in Sources */ = {isa = PBXBuildFile; fileRef = A99249F91E38A2830085924B /* FWDataMobileSetting.swift */; };
		A99249FD1E38A2830085924B /* FWGlobalMobileSetttings.swift in Sources */ = {isa = PBXBuildFile; fileRef = A99249FA1E38A2830085924B /* FWGlobalMobileSetttings.swift */; };
		A99249FE1E38A2830085924B /* FWMobileSettingModel.swift in Sources */ = {isa = PBXBuildFile; fileRef = A99249FB1E38A2830085924B /* FWMobileSettingModel.swift */; };
		A9924A041E38A30D0085924B /* FWAvailableModules.swift in Sources */ = {isa = PBXBuildFile; fileRef = A99249FF1E38A30D0085924B /* FWAvailableModules.swift */; };
		A9924A051E38A30D0085924B /* FWContentTasksList.swift in Sources */ = {isa = PBXBuildFile; fileRef = A9924A001E38A30D0085924B /* FWContentTasksList.swift */; };
		A9924A061E38A30D0085924B /* FWUserData.swift in Sources */ = {isa = PBXBuildFile; fileRef = A9924A011E38A30D0085924B /* FWUserData.swift */; };
		A9924A071E38A30D0085924B /* FWScreens.swift in Sources */ = {isa = PBXBuildFile; fileRef = A9924A021E38A30D0085924B /* FWScreens.swift */; };
		A9924A081E38A30D0085924B /* FWUserModel.swift in Sources */ = {isa = PBXBuildFile; fileRef = A9924A031E38A30D0085924B /* FWUserModel.swift */; };
		A99C719C1E3B2A4E005B8C38 /* Localizable.strings in Resources */ = {isa = PBXBuildFile; fileRef = A99C719E1E3B2A4E005B8C38 /* Localizable.strings */; };
		A99C71A21E3B43C5005B8C38 /* FWAPIConstant.swift in Sources */ = {isa = PBXBuildFile; fileRef = A99C71A11E3B43C5005B8C38 /* FWAPIConstant.swift */; };
		A99C71A51E3B54B8005B8C38 /* Localisator.swift in Sources */ = {isa = PBXBuildFile; fileRef = A99C71A41E3B54B8005B8C38 /* Localisator.swift */; };
		A99C71B01E3B65BE005B8C38 /* FWUtilityUserDefault.swift in Sources */ = {isa = PBXBuildFile; fileRef = A99C71AF1E3B65BE005B8C38 /* FWUtilityUserDefault.swift */; };
		A99C71B21E3B664C005B8C38 /* FWLanguageUitility.swift in Sources */ = {isa = PBXBuildFile; fileRef = A99C71B11E3B664C005B8C38 /* FWLanguageUitility.swift */; };
		A9AC35DC1E1B72F70053B560 /* LaunchScreen.storyboard in Resources */ = {isa = PBXBuildFile; fileRef = A9AC35DA1E1B72F70053B560 /* LaunchScreen.storyboard */; };
		A9AC35EC1E1B73CA0053B560 /* AppDelegate.swift in Sources */ = {isa = PBXBuildFile; fileRef = A9AC35EB1E1B73CA0053B560 /* AppDelegate.swift */; };
		A9AC35F31E1B746C0053B560 /* FWLoginVC.swift in Sources */ = {isa = PBXBuildFile; fileRef = A9AC35F21E1B746C0053B560 /* FWLoginVC.swift */; };
		A9AC35F91E1B75BA0053B560 /* LoginSplash.storyboard in Resources */ = {isa = PBXBuildFile; fileRef = A9AC35F81E1B75BA0053B560 /* LoginSplash.storyboard */; };
		A9AC35FB1E1B75FB0053B560 /* FWSplashVC.swift in Sources */ = {isa = PBXBuildFile; fileRef = A9AC35FA1E1B75FB0053B560 /* FWSplashVC.swift */; };
		A9AC35FD1E1B78100053B560 /* assests.xcassets in Resources */ = {isa = PBXBuildFile; fileRef = A9AC35FC1E1B78100053B560 /* assests.xcassets */; };
		A9AC36121E1B79E50053B560 /* Apache License.txt in Resources */ = {isa = PBXBuildFile; fileRef = A9AC35FF1E1B79E50053B560 /* Apache License.txt */; };
		A9AC36131E1B79E50053B560 /* Roboto-Black.ttf in Resources */ = {isa = PBXBuildFile; fileRef = A9AC36001E1B79E50053B560 /* Roboto-Black.ttf */; };
		A9AC36141E1B79E50053B560 /* Roboto-BlackItalic.ttf in Resources */ = {isa = PBXBuildFile; fileRef = A9AC36011E1B79E50053B560 /* Roboto-BlackItalic.ttf */; };
		A9AC36151E1B79E50053B560 /* Roboto-Bold.ttf in Resources */ = {isa = PBXBuildFile; fileRef = A9AC36021E1B79E50053B560 /* Roboto-Bold.ttf */; };
		A9AC36161E1B79E50053B560 /* Roboto-BoldItalic.ttf in Resources */ = {isa = PBXBuildFile; fileRef = A9AC36031E1B79E50053B560 /* Roboto-BoldItalic.ttf */; };
		A9AC36171E1B79E50053B560 /* Roboto-Italic.ttf in Resources */ = {isa = PBXBuildFile; fileRef = A9AC36041E1B79E50053B560 /* Roboto-Italic.ttf */; };
		A9AC36181E1B79E50053B560 /* Roboto-Light.ttf in Resources */ = {isa = PBXBuildFile; fileRef = A9AC36051E1B79E50053B560 /* Roboto-Light.ttf */; };
		A9AC36191E1B79E50053B560 /* Roboto-LightItalic.ttf in Resources */ = {isa = PBXBuildFile; fileRef = A9AC36061E1B79E50053B560 /* Roboto-LightItalic.ttf */; };
		A9AC361A1E1B79E50053B560 /* Roboto-Medium.ttf in Resources */ = {isa = PBXBuildFile; fileRef = A9AC36071E1B79E50053B560 /* Roboto-Medium.ttf */; };
		A9AC361B1E1B79E50053B560 /* Roboto-MediumItalic.ttf in Resources */ = {isa = PBXBuildFile; fileRef = A9AC36081E1B79E50053B560 /* Roboto-MediumItalic.ttf */; };
		A9AC361C1E1B79E50053B560 /* Roboto-Regular.ttf in Resources */ = {isa = PBXBuildFile; fileRef = A9AC36091E1B79E50053B560 /* Roboto-Regular.ttf */; };
		A9AC361D1E1B79E50053B560 /* Roboto-Thin.ttf in Resources */ = {isa = PBXBuildFile; fileRef = A9AC360A1E1B79E50053B560 /* Roboto-Thin.ttf */; };
		A9AC361E1E1B79E50053B560 /* Roboto-ThinItalic.ttf in Resources */ = {isa = PBXBuildFile; fileRef = A9AC360B1E1B79E50053B560 /* Roboto-ThinItalic.ttf */; };
		A9AC361F1E1B79E50053B560 /* RobotoCondensed-Bold.ttf in Resources */ = {isa = PBXBuildFile; fileRef = A9AC360C1E1B79E50053B560 /* RobotoCondensed-Bold.ttf */; };
		A9AC36201E1B79E50053B560 /* RobotoCondensed-BoldItalic.ttf in Resources */ = {isa = PBXBuildFile; fileRef = A9AC360D1E1B79E50053B560 /* RobotoCondensed-BoldItalic.ttf */; };
		A9AC36211E1B79E50053B560 /* RobotoCondensed-Italic.ttf in Resources */ = {isa = PBXBuildFile; fileRef = A9AC360E1E1B79E50053B560 /* RobotoCondensed-Italic.ttf */; };
		A9AC36221E1B79E50053B560 /* RobotoCondensed-Light.ttf in Resources */ = {isa = PBXBuildFile; fileRef = A9AC360F1E1B79E50053B560 /* RobotoCondensed-Light.ttf */; };
		A9AC36231E1B79E50053B560 /* RobotoCondensed-LightItalic.ttf in Resources */ = {isa = PBXBuildFile; fileRef = A9AC36101E1B79E50053B560 /* RobotoCondensed-LightItalic.ttf */; };
		A9AC36241E1B79E50053B560 /* RobotoCondensed-Regular.ttf in Resources */ = {isa = PBXBuildFile; fileRef = A9AC36111E1B79E50053B560 /* RobotoCondensed-Regular.ttf */; };
/* End PBXBuildFile section */

/* Begin PBXFileReference section */
		26D65A9ABB6C9D704BC16EEE /* Pods_Fileworx_Patrick.framework */ = {isa = PBXFileReference; explicitFileType = wrapper.framework; includeInIndex = 0; path = Pods_Fileworx_Patrick.framework; sourceTree = BUILT_PRODUCTS_DIR; };
		A90DBDD41E8285EA00E532D0 /* FWLeftSideMenu.swift */ = {isa = PBXFileReference; fileEncoding = 4; lastKnownFileType = sourcecode.swift; path = FWLeftSideMenu.swift; sourceTree = "<group>"; };
		A90DBDD71E82867100E532D0 /* FWLeftSideMenuCell.swift */ = {isa = PBXFileReference; fileEncoding = 4; lastKnownFileType = sourcecode.swift; path = FWLeftSideMenuCell.swift; sourceTree = "<group>"; };
		A90DBDD91E82876A00E532D0 /* FWUtilityDrawer.swift */ = {isa = PBXFileReference; fileEncoding = 4; lastKnownFileType = sourcecode.swift; path = FWUtilityDrawer.swift; sourceTree = "<group>"; };
		A933E8671E5FFE8F00B5D18F /* FWContents.swift */ = {isa = PBXFileReference; fileEncoding = 4; lastKnownFileType = sourcecode.swift; path = FWContents.swift; sourceTree = "<group>"; };
		A933E8681E5FFE8F00B5D18F /* FWData.swift */ = {isa = PBXFileReference; fileEncoding = 4; lastKnownFileType = sourcecode.swift; path = FWData.swift; sourceTree = "<group>"; };
		A933E8691E5FFE8F00B5D18F /* FWDateOptionsList.swift */ = {isa = PBXFileReference; fileEncoding = 4; lastKnownFileType = sourcecode.swift; path = FWDateOptionsList.swift; sourceTree = "<group>"; };
		A933E86A1E5FFE8F00B5D18F /* FWMessage.swift */ = {isa = PBXFileReference; fileEncoding = 4; lastKnownFileType = sourcecode.swift; path = FWMessage.swift; sourceTree = "<group>"; };
		A933E86B1E5FFE8F00B5D18F /* FWPaginationInfo.swift */ = {isa = PBXFileReference; fileEncoding = 4; lastKnownFileType = sourcecode.swift; path = FWPaginationInfo.swift; sourceTree = "<group>"; };
		A933E8731E600C6300B5D18F /* FWMessageListCell.swift */ = {isa = PBXFileReference; fileEncoding = 4; lastKnownFileType = sourcecode.swift; path = FWMessageListCell.swift; sourceTree = "<group>"; };
		A95607C51E1B818800BE25C7 /* HomeVC.swift */ = {isa = PBXFileReference; fileEncoding = 4; lastKnownFileType = sourcecode.swift; path = HomeVC.swift; sourceTree = "<group>"; };
		A988A9E31E1CC57C009F4729 /* MessageVC.swift */ = {isa = PBXFileReference; fileEncoding = 4; lastKnownFileType = sourcecode.swift; path = MessageVC.swift; sourceTree = "<group>"; };
		A988A9E61E1CC59B009F4729 /* MediaVC.swift */ = {isa = PBXFileReference; fileEncoding = 4; lastKnownFileType = sourcecode.swift; path = MediaVC.swift; sourceTree = "<group>"; };
		A988A9EA1E1CCBD3009F4729 /* Constants.swift */ = {isa = PBXFileReference; fileEncoding = 4; lastKnownFileType = sourcecode.swift; path = Constants.swift; sourceTree = "<group>"; };
		A99249B41E3877640085924B /* WebService.swift */ = {isa = PBXFileReference; fileEncoding = 4; lastKnownFileType = sourcecode.swift; path = WebService.swift; sourceTree = "<group>"; };
		A99249F91E38A2830085924B /* FWDataMobileSetting.swift */ = {isa = PBXFileReference; fileEncoding = 4; lastKnownFileType = sourcecode.swift; path = FWDataMobileSetting.swift; sourceTree = "<group>"; };
		A99249FA1E38A2830085924B /* FWGlobalMobileSetttings.swift */ = {isa = PBXFileReference; fileEncoding = 4; lastKnownFileType = sourcecode.swift; path = FWGlobalMobileSetttings.swift; sourceTree = "<group>"; };
		A99249FB1E38A2830085924B /* FWMobileSettingModel.swift */ = {isa = PBXFileReference; fileEncoding = 4; lastKnownFileType = sourcecode.swift; path = FWMobileSettingModel.swift; sourceTree = "<group>"; };
		A99249FF1E38A30D0085924B /* FWAvailableModules.swift */ = {isa = PBXFileReference; fileEncoding = 4; lastKnownFileType = sourcecode.swift; path = FWAvailableModules.swift; sourceTree = "<group>"; };
		A9924A001E38A30D0085924B /* FWContentTasksList.swift */ = {isa = PBXFileReference; fileEncoding = 4; lastKnownFileType = sourcecode.swift; path = FWContentTasksList.swift; sourceTree = "<group>"; };
		A9924A011E38A30D0085924B /* FWUserData.swift */ = {isa = PBXFileReference; fileEncoding = 4; lastKnownFileType = sourcecode.swift; path = FWUserData.swift; sourceTree = "<group>"; };
		A9924A021E38A30D0085924B /* FWScreens.swift */ = {isa = PBXFileReference; fileEncoding = 4; lastKnownFileType = sourcecode.swift; path = FWScreens.swift; sourceTree = "<group>"; };
		A9924A031E38A30D0085924B /* FWUserModel.swift */ = {isa = PBXFileReference; fileEncoding = 4; lastKnownFileType = sourcecode.swift; path = FWUserModel.swift; sourceTree = "<group>"; };
		A99C719D1E3B2A4E005B8C38 /* Base */ = {isa = PBXFileReference; lastKnownFileType = text.plist.strings; name = Base; path = Base.lproj/Localizable.strings; sourceTree = "<group>"; };
		A99C719F1E3B2A52005B8C38 /* en */ = {isa = PBXFileReference; lastKnownFileType = text.plist.strings; name = en; path = en.lproj/Localizable.strings; sourceTree = "<group>"; };
		A99C71A01E3B2A65005B8C38 /* ar */ = {isa = PBXFileReference; lastKnownFileType = text.plist.strings; name = ar; path = ar.lproj/Localizable.strings; sourceTree = "<group>"; };
		A99C71A11E3B43C5005B8C38 /* FWAPIConstant.swift */ = {isa = PBXFileReference; fileEncoding = 4; lastKnownFileType = sourcecode.swift; path = FWAPIConstant.swift; sourceTree = "<group>"; };
		A99C71A41E3B54B8005B8C38 /* Localisator.swift */ = {isa = PBXFileReference; fileEncoding = 4; lastKnownFileType = sourcecode.swift; path = Localisator.swift; sourceTree = "<group>"; };
		A99C71AF1E3B65BE005B8C38 /* FWUtilityUserDefault.swift */ = {isa = PBXFileReference; fileEncoding = 4; lastKnownFileType = sourcecode.swift; path = FWUtilityUserDefault.swift; sourceTree = "<group>"; };
		A99C71B11E3B664C005B8C38 /* FWLanguageUitility.swift */ = {isa = PBXFileReference; fileEncoding = 4; lastKnownFileType = sourcecode.swift; path = FWLanguageUitility.swift; sourceTree = "<group>"; };
		A9AC35CE1E1B72F70053B560 /* Fileworx_Patrick.app */ = {isa = PBXFileReference; explicitFileType = wrapper.application; includeInIndex = 0; path = Fileworx_Patrick.app; sourceTree = BUILT_PRODUCTS_DIR; };
		A9AC35DB1E1B72F70053B560 /* Base */ = {isa = PBXFileReference; lastKnownFileType = file.storyboard; name = Base; path = Base.lproj/LaunchScreen.storyboard; sourceTree = "<group>"; };
		A9AC35DD1E1B72F70053B560 /* Info.plist */ = {isa = PBXFileReference; lastKnownFileType = text.plist.xml; path = Info.plist; sourceTree = "<group>"; };
		A9AC35EB1E1B73CA0053B560 /* AppDelegate.swift */ = {isa = PBXFileReference; fileEncoding = 4; lastKnownFileType = sourcecode.swift; path = AppDelegate.swift; sourceTree = "<group>"; };
		A9AC35F21E1B746C0053B560 /* FWLoginVC.swift */ = {isa = PBXFileReference; fileEncoding = 4; lastKnownFileType = sourcecode.swift; path = FWLoginVC.swift; sourceTree = "<group>"; };
		A9AC35F81E1B75BA0053B560 /* LoginSplash.storyboard */ = {isa = PBXFileReference; fileEncoding = 4; lastKnownFileType = file.storyboard; path = LoginSplash.storyboard; sourceTree = "<group>"; };
		A9AC35FA1E1B75FB0053B560 /* FWSplashVC.swift */ = {isa = PBXFileReference; fileEncoding = 4; lastKnownFileType = sourcecode.swift; path = FWSplashVC.swift; sourceTree = "<group>"; };
		A9AC35FC1E1B78100053B560 /* assests.xcassets */ = {isa = PBXFileReference; lastKnownFileType = folder.assetcatalog; path = assests.xcassets; sourceTree = "<group>"; };
		A9AC35FF1E1B79E50053B560 /* Apache License.txt */ = {isa = PBXFileReference; fileEncoding = 4; lastKnownFileType = text; path = "Apache License.txt"; sourceTree = "<group>"; };
		A9AC36001E1B79E50053B560 /* Roboto-Black.ttf */ = {isa = PBXFileReference; lastKnownFileType = file; path = "Roboto-Black.ttf"; sourceTree = "<group>"; };
		A9AC36011E1B79E50053B560 /* Roboto-BlackItalic.ttf */ = {isa = PBXFileReference; lastKnownFileType = file; path = "Roboto-BlackItalic.ttf"; sourceTree = "<group>"; };
		A9AC36021E1B79E50053B560 /* Roboto-Bold.ttf */ = {isa = PBXFileReference; lastKnownFileType = file; path = "Roboto-Bold.ttf"; sourceTree = "<group>"; };
		A9AC36031E1B79E50053B560 /* Roboto-BoldItalic.ttf */ = {isa = PBXFileReference; lastKnownFileType = file; path = "Roboto-BoldItalic.ttf"; sourceTree = "<group>"; };
		A9AC36041E1B79E50053B560 /* Roboto-Italic.ttf */ = {isa = PBXFileReference; lastKnownFileType = file; path = "Roboto-Italic.ttf"; sourceTree = "<group>"; };
		A9AC36051E1B79E50053B560 /* Roboto-Light.ttf */ = {isa = PBXFileReference; lastKnownFileType = file; path = "Roboto-Light.ttf"; sourceTree = "<group>"; };
		A9AC36061E1B79E50053B560 /* Roboto-LightItalic.ttf */ = {isa = PBXFileReference; lastKnownFileType = file; path = "Roboto-LightItalic.ttf"; sourceTree = "<group>"; };
		A9AC36071E1B79E50053B560 /* Roboto-Medium.ttf */ = {isa = PBXFileReference; lastKnownFileType = file; path = "Roboto-Medium.ttf"; sourceTree = "<group>"; };
		A9AC36081E1B79E50053B560 /* Roboto-MediumItalic.ttf */ = {isa = PBXFileReference; lastKnownFileType = file; path = "Roboto-MediumItalic.ttf"; sourceTree = "<group>"; };
		A9AC36091E1B79E50053B560 /* Roboto-Regular.ttf */ = {isa = PBXFileReference; lastKnownFileType = file; path = "Roboto-Regular.ttf"; sourceTree = "<group>"; };
		A9AC360A1E1B79E50053B560 /* Roboto-Thin.ttf */ = {isa = PBXFileReference; lastKnownFileType = file; path = "Roboto-Thin.ttf"; sourceTree = "<group>"; };
		A9AC360B1E1B79E50053B560 /* Roboto-ThinItalic.ttf */ = {isa = PBXFileReference; lastKnownFileType = file; path = "Roboto-ThinItalic.ttf"; sourceTree = "<group>"; };
		A9AC360C1E1B79E50053B560 /* RobotoCondensed-Bold.ttf */ = {isa = PBXFileReference; lastKnownFileType = file; path = "RobotoCondensed-Bold.ttf"; sourceTree = "<group>"; };
		A9AC360D1E1B79E50053B560 /* RobotoCondensed-BoldItalic.ttf */ = {isa = PBXFileReference; lastKnownFileType = file; path = "RobotoCondensed-BoldItalic.ttf"; sourceTree = "<group>"; };
		A9AC360E1E1B79E50053B560 /* RobotoCondensed-Italic.ttf */ = {isa = PBXFileReference; lastKnownFileType = file; path = "RobotoCondensed-Italic.ttf"; sourceTree = "<group>"; };
		A9AC360F1E1B79E50053B560 /* RobotoCondensed-Light.ttf */ = {isa = PBXFileReference; lastKnownFileType = file; path = "RobotoCondensed-Light.ttf"; sourceTree = "<group>"; };
		A9AC36101E1B79E50053B560 /* RobotoCondensed-LightItalic.ttf */ = {isa = PBXFileReference; lastKnownFileType = file; path = "RobotoCondensed-LightItalic.ttf"; sourceTree = "<group>"; };
		A9AC36111E1B79E50053B560 /* RobotoCondensed-Regular.ttf */ = {isa = PBXFileReference; lastKnownFileType = file; path = "RobotoCondensed-Regular.ttf"; sourceTree = "<group>"; };
		A9F2391C460976B575F84DE6 /* Pods-Fileworx_Patrick.release.xcconfig */ = {isa = PBXFileReference; includeInIndex = 1; lastKnownFileType = text.xcconfig; name = "Pods-Fileworx_Patrick.release.xcconfig"; path = "Pods/Target Support Files/Pods-Fileworx_Patrick/Pods-Fileworx_Patrick.release.xcconfig"; sourceTree = "<group>"; };
		BA5C3A277B39B757AF30DB82 /* Pods-Fileworx_Patrick.debug.xcconfig */ = {isa = PBXFileReference; includeInIndex = 1; lastKnownFileType = text.xcconfig; name = "Pods-Fileworx_Patrick.debug.xcconfig"; path = "Pods/Target Support Files/Pods-Fileworx_Patrick/Pods-Fileworx_Patrick.debug.xcconfig"; sourceTree = "<group>"; };
/* End PBXFileReference section */

/* Begin PBXFrameworksBuildPhase section */
		A9AC35CB1E1B72F70053B560 /* Frameworks */ = {
			isa = PBXFrameworksBuildPhase;
			buildActionMask = 2147483647;
			files = (
				4768F6CA3B44505DBE417851 /* Pods_Fileworx_Patrick.framework in Frameworks */,
			);
			runOnlyForDeploymentPostprocessing = 0;
		};
/* End PBXFrameworksBuildPhase section */

/* Begin PBXGroup section */
		1E692A798A96D467AC585286 /* Frameworks */ = {
			isa = PBXGroup;
			children = (
				26D65A9ABB6C9D704BC16EEE /* Pods_Fileworx_Patrick.framework */,
			);
			name = Frameworks;
			sourceTree = "<group>";
		};
		A90DBDD31E8285C700E532D0 /* SideMenuVC */ = {
			isa = PBXGroup;
			children = (
				A90DBDD61E82864D00E532D0 /* FWLeftSideMenuCell */,
				A90DBDD41E8285EA00E532D0 /* FWLeftSideMenu.swift */,
			);
			path = SideMenuVC;
			sourceTree = "<group>";
		};
		A90DBDD61E82864D00E532D0 /* FWLeftSideMenuCell */ = {
			isa = PBXGroup;
			children = (
				A90DBDD71E82867100E532D0 /* FWLeftSideMenuCell.swift */,
			);
			path = FWLeftSideMenuCell;
			sourceTree = "<group>";
		};
		A933E8661E5FFE6E00B5D18F /* FWMessageModule */ = {
			isa = PBXGroup;
			children = (
				A933E8671E5FFE8F00B5D18F /* FWContents.swift */,
				A933E8681E5FFE8F00B5D18F /* FWData.swift */,
				A933E8691E5FFE8F00B5D18F /* FWDateOptionsList.swift */,
				A933E86A1E5FFE8F00B5D18F /* FWMessage.swift */,
				A933E86B1E5FFE8F00B5D18F /* FWPaginationInfo.swift */,
			);
			path = FWMessageModule;
			sourceTree = "<group>";
		};
		A933E8711E600C2900B5D18F /* FWMessages */ = {
			isa = PBXGroup;
			children = (
				A933E8721E600C3A00B5D18F /* FWMessageList */,
			);
			path = FWMessages;
			sourceTree = "<group>";
		};
		A933E8721E600C3A00B5D18F /* FWMessageList */ = {
			isa = PBXGroup;
			children = (
				A933E8731E600C6300B5D18F /* FWMessageListCell.swift */,
			);
			path = FWMessageList;
			sourceTree = "<group>";
		};
		A95607C41E1B815B00BE25C7 /* HomeVC */ = {
			isa = PBXGroup;
			children = (
				A95607C51E1B818800BE25C7 /* HomeVC.swift */,
			);
			path = HomeVC;
			sourceTree = "<group>";
		};
		A9837B6B1E1D04DE00CFB6B9 /* FWUserModule */ = {
			isa = PBXGroup;
			children = (
				A99249FF1E38A30D0085924B /* FWAvailableModules.swift */,
				A9924A001E38A30D0085924B /* FWContentTasksList.swift */,
				A9924A011E38A30D0085924B /* FWUserData.swift */,
				A9924A021E38A30D0085924B /* FWScreens.swift */,
				A9924A031E38A30D0085924B /* FWUserModel.swift */,
			);
			path = FWUserModule;
			sourceTree = "<group>";
		};
		A9837B6F1E1D0DB200CFB6B9 /* Extension */ = {
			isa = PBXGroup;
			children = (
			);
			path = Extension;
			sourceTree = "<group>";
		};
		A988A9E21E1CC550009F4729 /* MessageVC */ = {
			isa = PBXGroup;
			children = (
				A988A9E31E1CC57C009F4729 /* MessageVC.swift */,
			);
			path = MessageVC;
			sourceTree = "<group>";
		};
		A988A9E51E1CC591009F4729 /* MediaVC */ = {
			isa = PBXGroup;
			children = (
				A988A9E61E1CC59B009F4729 /* MediaVC.swift */,
			);
			path = MediaVC;
			sourceTree = "<group>";
		};
		A99249F81E38A2830085924B /* FWMobileSettingModel */ = {
			isa = PBXGroup;
			children = (
				A99249F91E38A2830085924B /* FWDataMobileSetting.swift */,
				A99249FA1E38A2830085924B /* FWGlobalMobileSetttings.swift */,
				A99249FB1E38A2830085924B /* FWMobileSettingModel.swift */,
			);
			path = FWMobileSettingModel;
			sourceTree = "<group>";
		};
		A99C71971E3B2A2C005B8C38 /* Localize */ = {
			isa = PBXGroup;
			children = (
				A99C71A41E3B54B8005B8C38 /* Localisator.swift */,
				A99C719E1E3B2A4E005B8C38 /* Localizable.strings */,
			);
			path = Localize;
			sourceTree = "<group>";
		};
		A99C71AE1E3B65BE005B8C38 /* Utility */ = {
			isa = PBXGroup;
			children = (
				A99C71AF1E3B65BE005B8C38 /* FWUtilityUserDefault.swift */,
				A99C71B11E3B664C005B8C38 /* FWLanguageUitility.swift */,
				A90DBDD91E82876A00E532D0 /* FWUtilityDrawer.swift */,
			);
			path = Utility;
			sourceTree = "<group>";
		};
		A9AC35C51E1B72F70053B560 = {
			isa = PBXGroup;
			children = (
				A9AC35D01E1B72F70053B560 /* Fileworx_Patrick */,
				A9AC35CF1E1B72F70053B560 /* Products */,
				BA2230719F879BB6931EEB58 /* Pods */,
				1E692A798A96D467AC585286 /* Frameworks */,
			);
			sourceTree = "<group>";
		};
		A9AC35CF1E1B72F70053B560 /* Products */ = {
			isa = PBXGroup;
			children = (
				A9AC35CE1E1B72F70053B560 /* Fileworx_Patrick.app */,
			);
			name = Products;
			sourceTree = "<group>";
		};
		A9AC35D01E1B72F70053B560 /* Fileworx_Patrick */ = {
			isa = PBXGroup;
			children = (
				A9AC35E51E1B736C0053B560 /* Map */,
				A9AC35E61E1B736C0053B560 /* Models */,
				A9AC35E31E1B736C0053B560 /* Classes */,
				A99C71AE1E3B65BE005B8C38 /* Utility */,
				A9AC35E41E1B736C0053B560 /* Constant */,
				A9837B6F1E1D0DB200CFB6B9 /* Extension */,
				A9AC35E71E1B736C0053B560 /* Resources */,
				A9AC35E91E1B736C0053B560 /* Views */,
				A9AC35DA1E1B72F70053B560 /* LaunchScreen.storyboard */,
				A9AC35DD1E1B72F70053B560 /* Info.plist */,
			);
			path = Fileworx_Patrick;
			sourceTree = "<group>";
		};
		A9AC35E31E1B736C0053B560 /* Classes */ = {
			isa = PBXGroup;
			children = (
				A90DBDD31E8285C700E532D0 /* SideMenuVC */,
				A988A9E51E1CC591009F4729 /* MediaVC */,
				A988A9E21E1CC550009F4729 /* MessageVC */,
				A95607C41E1B815B00BE25C7 /* HomeVC */,
				A9AC35F61E1B752B0053B560 /* SplashVC */,
				A9AC35F11E1B74480053B560 /* LoginVC */,
				A9AC35EA1E1B73A20053B560 /* AppDelegate */,
			);
			path = Classes;
			sourceTree = "<group>";
		};
		A9AC35E41E1B736C0053B560 /* Constant */ = {
			isa = PBXGroup;
			children = (
				A988A9EA1E1CCBD3009F4729 /* Constants.swift */,
				A99C71A11E3B43C5005B8C38 /* FWAPIConstant.swift */,
			);
			path = Constant;
			sourceTree = "<group>";
		};
		A9AC35E51E1B736C0053B560 /* Map */ = {
			isa = PBXGroup;
			children = (
			);
			path = Map;
			sourceTree = "<group>";
		};
		A9AC35E61E1B736C0053B560 /* Models */ = {
			isa = PBXGroup;
			children = (
				A933E8661E5FFE6E00B5D18F /* FWMessageModule */,
				A99249F81E38A2830085924B /* FWMobileSettingModel */,
				A9837B6B1E1D04DE00CFB6B9 /* FWUserModule */,
			);
			path = Models;
			sourceTree = "<group>";
		};
		A9AC35E71E1B736C0053B560 /* Resources */ = {
			isa = PBXGroup;
			children = (
				A99C71971E3B2A2C005B8C38 /* Localize */,
				A9AC35ED1E1B741B0053B560 /* API */,
				A9AC35EE1E1B741B0053B560 /* Fonts */,
				A9AC35EF1E1B741B0053B560 /* Images */,
				A9AC35F01E1B741B0053B560 /* ThirdParty */,
			);
			path = Resources;
			sourceTree = "<group>";
		};
		A9AC35E91E1B736C0053B560 /* Views */ = {
			isa = PBXGroup;
			children = (
				A933E8711E600C2900B5D18F /* FWMessages */,
				A9AC35F71E1B75970053B560 /* Storyboards */,
			);
			path = Views;
			sourceTree = "<group>";
		};
		A9AC35EA1E1B73A20053B560 /* AppDelegate */ = {
			isa = PBXGroup;
			children = (
				A9AC35EB1E1B73CA0053B560 /* AppDelegate.swift */,
			);
			path = AppDelegate;
			sourceTree = "<group>";
		};
		A9AC35ED1E1B741B0053B560 /* API */ = {
			isa = PBXGroup;
			children = (
				A99249B41E3877640085924B /* WebService.swift */,
			);
			path = API;
			sourceTree = "<group>";
		};
		A9AC35EE1E1B741B0053B560 /* Fonts */ = {
			isa = PBXGroup;
			children = (
				A9AC35FE1E1B79E50053B560 /* roboto */,
			);
			path = Fonts;
			sourceTree = "<group>";
		};
		A9AC35EF1E1B741B0053B560 /* Images */ = {
			isa = PBXGroup;
			children = (
				A9AC35FC1E1B78100053B560 /* assests.xcassets */,
			);
			path = Images;
			sourceTree = "<group>";
		};
		A9AC35F01E1B741B0053B560 /* ThirdParty */ = {
			isa = PBXGroup;
			children = (
			);
			path = ThirdParty;
			sourceTree = "<group>";
		};
		A9AC35F11E1B74480053B560 /* LoginVC */ = {
			isa = PBXGroup;
			children = (
				A9AC35F21E1B746C0053B560 /* FWLoginVC.swift */,
			);
			path = LoginVC;
			sourceTree = "<group>";
		};
		A9AC35F61E1B752B0053B560 /* SplashVC */ = {
			isa = PBXGroup;
			children = (
				A9AC35FA1E1B75FB0053B560 /* FWSplashVC.swift */,
			);
			path = SplashVC;
			sourceTree = "<group>";
		};
		A9AC35F71E1B75970053B560 /* Storyboards */ = {
			isa = PBXGroup;
			children = (
				A9AC35F81E1B75BA0053B560 /* LoginSplash.storyboard */,
			);
			path = Storyboards;
			sourceTree = "<group>";
		};
		A9AC35FE1E1B79E50053B560 /* roboto */ = {
			isa = PBXGroup;
			children = (
				A9AC35FF1E1B79E50053B560 /* Apache License.txt */,
				A9AC36001E1B79E50053B560 /* Roboto-Black.ttf */,
				A9AC36011E1B79E50053B560 /* Roboto-BlackItalic.ttf */,
				A9AC36021E1B79E50053B560 /* Roboto-Bold.ttf */,
				A9AC36031E1B79E50053B560 /* Roboto-BoldItalic.ttf */,
				A9AC36041E1B79E50053B560 /* Roboto-Italic.ttf */,
				A9AC36051E1B79E50053B560 /* Roboto-Light.ttf */,
				A9AC36061E1B79E50053B560 /* Roboto-LightItalic.ttf */,
				A9AC36071E1B79E50053B560 /* Roboto-Medium.ttf */,
				A9AC36081E1B79E50053B560 /* Roboto-MediumItalic.ttf */,
				A9AC36091E1B79E50053B560 /* Roboto-Regular.ttf */,
				A9AC360A1E1B79E50053B560 /* Roboto-Thin.ttf */,
				A9AC360B1E1B79E50053B560 /* Roboto-ThinItalic.ttf */,
				A9AC360C1E1B79E50053B560 /* RobotoCondensed-Bold.ttf */,
				A9AC360D1E1B79E50053B560 /* RobotoCondensed-BoldItalic.ttf */,
				A9AC360E1E1B79E50053B560 /* RobotoCondensed-Italic.ttf */,
				A9AC360F1E1B79E50053B560 /* RobotoCondensed-Light.ttf */,
				A9AC36101E1B79E50053B560 /* RobotoCondensed-LightItalic.ttf */,
				A9AC36111E1B79E50053B560 /* RobotoCondensed-Regular.ttf */,
			);
			path = roboto;
			sourceTree = "<group>";
		};
		BA2230719F879BB6931EEB58 /* Pods */ = {
			isa = PBXGroup;
			children = (
				BA5C3A277B39B757AF30DB82 /* Pods-Fileworx_Patrick.debug.xcconfig */,
				A9F2391C460976B575F84DE6 /* Pods-Fileworx_Patrick.release.xcconfig */,
			);
			name = Pods;
			sourceTree = "<group>";
		};
/* End PBXGroup section */

/* Begin PBXNativeTarget section */
		A9AC35CD1E1B72F70053B560 /* Fileworx_Patrick */ = {
			isa = PBXNativeTarget;
			buildConfigurationList = A9AC35E01E1B72F70053B560 /* Build configuration list for PBXNativeTarget "Fileworx_Patrick" */;
			buildPhases = (
				3154797CE422FF822D5F107A /* [CP] Check Pods Manifest.lock */,
				A9AC35CA1E1B72F70053B560 /* Sources */,
				A9AC35CB1E1B72F70053B560 /* Frameworks */,
				A9AC35CC1E1B72F70053B560 /* Resources */,
				B338012D6B5B8A56674B5AA6 /* [CP] Embed Pods Frameworks */,
				5C61D5B369FF30C52E520C45 /* [CP] Copy Pods Resources */,
			);
			buildRules = (
			);
			dependencies = (
			);
			name = Fileworx_Patrick;
			productName = Fileworx_Patrick;
			productReference = A9AC35CE1E1B72F70053B560 /* Fileworx_Patrick.app */;
			productType = "com.apple.product-type.application";
		};
/* End PBXNativeTarget section */

/* Begin PBXProject section */
		A9AC35C61E1B72F70053B560 /* Project object */ = {
			isa = PBXProject;
			attributes = {
				LastSwiftUpdateCheck = 0820;
				LastUpgradeCheck = 0820;
				ORGANIZATIONNAME = indianic;
				TargetAttributes = {
					A9AC35CD1E1B72F70053B560 = {
						CreatedOnToolsVersion = 8.2;
						LastSwiftMigration = 0820;
						ProvisioningStyle = Automatic;
					};
				};
			};
			buildConfigurationList = A9AC35C91E1B72F70053B560 /* Build configuration list for PBXProject "Fileworx_Patrick" */;
			compatibilityVersion = "Xcode 3.2";
			developmentRegion = English;
			hasScannedForEncodings = 0;
			knownRegions = (
				en,
				Base,
				ar,
			);
			mainGroup = A9AC35C51E1B72F70053B560;
			productRefGroup = A9AC35CF1E1B72F70053B560 /* Products */;
			projectDirPath = "";
			projectRoot = "";
			targets = (
				A9AC35CD1E1B72F70053B560 /* Fileworx_Patrick */,
			);
		};
/* End PBXProject section */

/* Begin PBXResourcesBuildPhase section */
		A9AC35CC1E1B72F70053B560 /* Resources */ = {
			isa = PBXResourcesBuildPhase;
			buildActionMask = 2147483647;
			files = (
				A9AC36151E1B79E50053B560 /* Roboto-Bold.ttf in Resources */,
				A9AC36191E1B79E50053B560 /* Roboto-LightItalic.ttf in Resources */,
				A99C719C1E3B2A4E005B8C38 /* Localizable.strings in Resources */,
				A9AC36211E1B79E50053B560 /* RobotoCondensed-Italic.ttf in Resources */,
				A9AC36201E1B79E50053B560 /* RobotoCondensed-BoldItalic.ttf in Resources */,
				A9AC361B1E1B79E50053B560 /* Roboto-MediumItalic.ttf in Resources */,
				A9AC36171E1B79E50053B560 /* Roboto-Italic.ttf in Resources */,
				A9AC36181E1B79E50053B560 /* Roboto-Light.ttf in Resources */,
				A9AC35FD1E1B78100053B560 /* assests.xcassets in Resources */,
				A9AC36161E1B79E50053B560 /* Roboto-BoldItalic.ttf in Resources */,
				A9AC36141E1B79E50053B560 /* Roboto-BlackItalic.ttf in Resources */,
				A9AC361D1E1B79E50053B560 /* Roboto-Thin.ttf in Resources */,
				A9AC361C1E1B79E50053B560 /* Roboto-Regular.ttf in Resources */,
				A9AC36231E1B79E50053B560 /* RobotoCondensed-LightItalic.ttf in Resources */,
				A9AC36121E1B79E50053B560 /* Apache License.txt in Resources */,
				A9AC36241E1B79E50053B560 /* RobotoCondensed-Regular.ttf in Resources */,
				A9AC361A1E1B79E50053B560 /* Roboto-Medium.ttf in Resources */,
				A9AC36221E1B79E50053B560 /* RobotoCondensed-Light.ttf in Resources */,
				A9AC361E1E1B79E50053B560 /* Roboto-ThinItalic.ttf in Resources */,
				A9AC361F1E1B79E50053B560 /* RobotoCondensed-Bold.ttf in Resources */,
				A9AC36131E1B79E50053B560 /* Roboto-Black.ttf in Resources */,
				A9AC35DC1E1B72F70053B560 /* LaunchScreen.storyboard in Resources */,
				A9AC35F91E1B75BA0053B560 /* LoginSplash.storyboard in Resources */,
			);
			runOnlyForDeploymentPostprocessing = 0;
		};
/* End PBXResourcesBuildPhase section */

/* Begin PBXShellScriptBuildPhase section */
		3154797CE422FF822D5F107A /* [CP] Check Pods Manifest.lock */ = {
			isa = PBXShellScriptBuildPhase;
			buildActionMask = 2147483647;
			files = (
			);
			inputPaths = (
			);
			name = "[CP] Check Pods Manifest.lock";
			outputPaths = (
			);
			runOnlyForDeploymentPostprocessing = 0;
			shellPath = /bin/sh;
			shellScript = "diff \"${PODS_ROOT}/../Podfile.lock\" \"${PODS_ROOT}/Manifest.lock\" > /dev/null\nif [ $? != 0 ] ; then\n    # print error to STDERR\n    echo \"error: The sandbox is not in sync with the Podfile.lock. Run 'pod install' or update your CocoaPods installation.\" >&2\n    exit 1\nfi\n";
			showEnvVarsInLog = 0;
		};
		5C61D5B369FF30C52E520C45 /* [CP] Copy Pods Resources */ = {
			isa = PBXShellScriptBuildPhase;
			buildActionMask = 2147483647;
			files = (
			);
			inputPaths = (
			);
			name = "[CP] Copy Pods Resources";
			outputPaths = (
			);
			runOnlyForDeploymentPostprocessing = 0;
			shellPath = /bin/sh;
			shellScript = "\"${SRCROOT}/Pods/Target Support Files/Pods-Fileworx_Patrick/Pods-Fileworx_Patrick-resources.sh\"\n";
			showEnvVarsInLog = 0;
		};
		B338012D6B5B8A56674B5AA6 /* [CP] Embed Pods Frameworks */ = {
			isa = PBXShellScriptBuildPhase;
			buildActionMask = 2147483647;
			files = (
			);
			inputPaths = (
			);
			name = "[CP] Embed Pods Frameworks";
			outputPaths = (
			);
			runOnlyForDeploymentPostprocessing = 0;
			shellPath = /bin/sh;
			shellScript = "\"${SRCROOT}/Pods/Target Support Files/Pods-Fileworx_Patrick/Pods-Fileworx_Patrick-frameworks.sh\"\n";
			showEnvVarsInLog = 0;
		};
/* End PBXShellScriptBuildPhase section */

/* Begin PBXSourcesBuildPhase section */
		A9AC35CA1E1B72F70053B560 /* Sources */ = {
			isa = PBXSourcesBuildPhase;
			buildActionMask = 2147483647;
			files = (
				A9AC35EC1E1B73CA0053B560 /* AppDelegate.swift in Sources */,
				A988A9E71E1CC59B009F4729 /* MediaVC.swift in Sources */,
				A933E86E1E5FFE8F00B5D18F /* FWDateOptionsList.swift in Sources */,
				A90DBDD51E8285EA00E532D0 /* FWLeftSideMenu.swift in Sources */,
				A90DBDDA1E82876A00E532D0 /* FWUtilityDrawer.swift in Sources */,
				A9924A041E38A30D0085924B /* FWAvailableModules.swift in Sources */,
				A933E86F1E5FFE8F00B5D18F /* FWMessage.swift in Sources */,
				A99C71A21E3B43C5005B8C38 /* FWAPIConstant.swift in Sources */,
				A99249B51E3877640085924B /* WebService.swift in Sources */,
				A99C71A51E3B54B8005B8C38 /* Localisator.swift in Sources */,
				A933E86C1E5FFE8F00B5D18F /* FWContents.swift in Sources */,
				A99249FE1E38A2830085924B /* FWMobileSettingModel.swift in Sources */,
				A933E8741E600C6300B5D18F /* FWMessageListCell.swift in Sources */,
				A99C71B01E3B65BE005B8C38 /* FWUtilityUserDefault.swift in Sources */,
				A90DBDD81E82867100E532D0 /* FWLeftSideMenuCell.swift in Sources */,
				A988A9E41E1CC57C009F4729 /* MessageVC.swift in Sources */,
				A95607C61E1B818800BE25C7 /* HomeVC.swift in Sources */,
				A9AC35F31E1B746C0053B560 /* FWLoginVC.swift in Sources */,
				A9924A071E38A30D0085924B /* FWScreens.swift in Sources */,
				A9924A081E38A30D0085924B /* FWUserModel.swift in Sources */,
				A933E8701E5FFE8F00B5D18F /* FWPaginationInfo.swift in Sources */,
				A99C71B21E3B664C005B8C38 /* FWLanguageUitility.swift in Sources */,
				A9924A061E38A30D0085924B /* FWUserData.swift in Sources */,
				A9AC35FB1E1B75FB0053B560 /* FWSplashVC.swift in Sources */,
				A99249FC1E38A2830085924B /* FWDataMobileSetting.swift in Sources */,
				A988A9EB1E1CCBD3009F4729 /* Constants.swift in Sources */,
				A99249FD1E38A2830085924B /* FWGlobalMobileSetttings.swift in Sources */,
				A933E86D1E5FFE8F00B5D18F /* FWData.swift in Sources */,
				A9924A051E38A30D0085924B /* FWContentTasksList.swift in Sources */,
			);
			runOnlyForDeploymentPostprocessing = 0;
		};
/* End PBXSourcesBuildPhase section */

/* Begin PBXVariantGroup section */
		A99C719E1E3B2A4E005B8C38 /* Localizable.strings */ = {
			isa = PBXVariantGroup;
			children = (
				A99C719D1E3B2A4E005B8C38 /* Base */,
				A99C719F1E3B2A52005B8C38 /* en */,
				A99C71A01E3B2A65005B8C38 /* ar */,
			);
			name = Localizable.strings;
			sourceTree = "<group>";
		};
		A9AC35DA1E1B72F70053B560 /* LaunchScreen.storyboard */ = {
			isa = PBXVariantGroup;
			children = (
				A9AC35DB1E1B72F70053B560 /* Base */,
			);
			name = LaunchScreen.storyboard;
			sourceTree = "<group>";
		};
/* End PBXVariantGroup section */

/* Begin XCBuildConfiguration section */
		A9AC35DE1E1B72F70053B560 /* Debug */ = {
			isa = XCBuildConfiguration;
			buildSettings = {
				ALWAYS_SEARCH_USER_PATHS = NO;
				CLANG_ANALYZER_LOCALIZABILITY_NONLOCALIZED = YES;
				CLANG_ANALYZER_NONNULL = YES;
				CLANG_CXX_LANGUAGE_STANDARD = "gnu++0x";
				CLANG_CXX_LIBRARY = "libc++";
				CLANG_ENABLE_MODULES = YES;
				CLANG_ENABLE_OBJC_ARC = YES;
				CLANG_WARN_BOOL_CONVERSION = YES;
				CLANG_WARN_CONSTANT_CONVERSION = YES;
				CLANG_WARN_DIRECT_OBJC_ISA_USAGE = YES_ERROR;
				CLANG_WARN_DOCUMENTATION_COMMENTS = YES;
				CLANG_WARN_EMPTY_BODY = YES;
				CLANG_WARN_ENUM_CONVERSION = YES;
				CLANG_WARN_INFINITE_RECURSION = YES;
				CLANG_WARN_INT_CONVERSION = YES;
				CLANG_WARN_OBJC_ROOT_CLASS = YES_ERROR;
				CLANG_WARN_SUSPICIOUS_MOVE = YES;
				CLANG_WARN_UNREACHABLE_CODE = YES;
				CLANG_WARN__DUPLICATE_METHOD_MATCH = YES;
				"CODE_SIGN_IDENTITY[sdk=iphoneos*]" = "iPhone Developer";
				COPY_PHASE_STRIP = NO;
				DEBUG_INFORMATION_FORMAT = dwarf;
				ENABLE_STRICT_OBJC_MSGSEND = YES;
				ENABLE_TESTABILITY = YES;
				GCC_C_LANGUAGE_STANDARD = gnu99;
				GCC_DYNAMIC_NO_PIC = NO;
				GCC_NO_COMMON_BLOCKS = YES;
				GCC_OPTIMIZATION_LEVEL = 0;
				GCC_PREPROCESSOR_DEFINITIONS = (
					"DEBUG=1",
					"$(inherited)",
				);
				GCC_WARN_64_TO_32_BIT_CONVERSION = YES;
				GCC_WARN_ABOUT_RETURN_TYPE = YES_ERROR;
				GCC_WARN_UNDECLARED_SELECTOR = YES;
				GCC_WARN_UNINITIALIZED_AUTOS = YES_AGGRESSIVE;
				GCC_WARN_UNUSED_FUNCTION = YES;
				GCC_WARN_UNUSED_VARIABLE = YES;
				IPHONEOS_DEPLOYMENT_TARGET = 10.2;
				MTL_ENABLE_DEBUG_INFO = YES;
				ONLY_ACTIVE_ARCH = YES;
				SDKROOT = iphoneos;
				SWIFT_ACTIVE_COMPILATION_CONDITIONS = DEBUG;
				SWIFT_OPTIMIZATION_LEVEL = "-Onone";
				TARGETED_DEVICE_FAMILY = "1,2";
			};
			name = Debug;
		};
		A9AC35DF1E1B72F70053B560 /* Release */ = {
			isa = XCBuildConfiguration;
			buildSettings = {
				ALWAYS_SEARCH_USER_PATHS = NO;
				CLANG_ANALYZER_LOCALIZABILITY_NONLOCALIZED = YES;
				CLANG_ANALYZER_NONNULL = YES;
				CLANG_CXX_LANGUAGE_STANDARD = "gnu++0x";
				CLANG_CXX_LIBRARY = "libc++";
				CLANG_ENABLE_MODULES = YES;
				CLANG_ENABLE_OBJC_ARC = YES;
				CLANG_WARN_BOOL_CONVERSION = YES;
				CLANG_WARN_CONSTANT_CONVERSION = YES;
				CLANG_WARN_DIRECT_OBJC_ISA_USAGE = YES_ERROR;
				CLANG_WARN_DOCUMENTATION_COMMENTS = YES;
				CLANG_WARN_EMPTY_BODY = YES;
				CLANG_WARN_ENUM_CONVERSION = YES;
				CLANG_WARN_INFINITE_RECURSION = YES;
				CLANG_WARN_INT_CONVERSION = YES;
				CLANG_WARN_OBJC_ROOT_CLASS = YES_ERROR;
				CLANG_WARN_SUSPICIOUS_MOVE = YES;
				CLANG_WARN_UNREACHABLE_CODE = YES;
				CLANG_WARN__DUPLICATE_METHOD_MATCH = YES;
				"CODE_SIGN_IDENTITY[sdk=iphoneos*]" = "iPhone Developer";
				COPY_PHASE_STRIP = NO;
				DEBUG_INFORMATION_FORMAT = "dwarf-with-dsym";
				ENABLE_NS_ASSERTIONS = NO;
				ENABLE_STRICT_OBJC_MSGSEND = YES;
				GCC_C_LANGUAGE_STANDARD = gnu99;
				GCC_NO_COMMON_BLOCKS = YES;
				GCC_WARN_64_TO_32_BIT_CONVERSION = YES;
				GCC_WARN_ABOUT_RETURN_TYPE = YES_ERROR;
				GCC_WARN_UNDECLARED_SELECTOR = YES;
				GCC_WARN_UNINITIALIZED_AUTOS = YES_AGGRESSIVE;
				GCC_WARN_UNUSED_FUNCTION = YES;
				GCC_WARN_UNUSED_VARIABLE = YES;
				IPHONEOS_DEPLOYMENT_TARGET = 10.2;
				MTL_ENABLE_DEBUG_INFO = NO;
				SDKROOT = iphoneos;
				SWIFT_OPTIMIZATION_LEVEL = "-Owholemodule";
				TARGETED_DEVICE_FAMILY = "1,2";
				VALIDATE_PRODUCT = YES;
			};
			name = Release;
		};
		A9AC35E11E1B72F70053B560 /* Debug */ = {
			isa = XCBuildConfiguration;
			baseConfigurationReference = BA5C3A277B39B757AF30DB82 /* Pods-Fileworx_Patrick.debug.xcconfig */;
			buildSettings = {
				DEVELOPMENT_TEAM = "";
				INFOPLIST_FILE = Fileworx_Patrick/Info.plist;
				LD_RUNPATH_SEARCH_PATHS = "$(inherited) @executable_path/Frameworks";
				PRODUCT_BUNDLE_IDENTIFIER = "indianic.Fileworx-Patrick";
				PRODUCT_NAME = "$(TARGET_NAME)";
				SWIFT_VERSION = 3.0;
			};
			name = Debug;
		};
		A9AC35E21E1B72F70053B560 /* Release */ = {
			isa = XCBuildConfiguration;
			baseConfigurationReference = A9F2391C460976B575F84DE6 /* Pods-Fileworx_Patrick.release.xcconfig */;
			buildSettings = {
				DEVELOPMENT_TEAM = "";
				INFOPLIST_FILE = Fileworx_Patrick/Info.plist;
				LD_RUNPATH_SEARCH_PATHS = "$(inherited) @executable_path/Frameworks";
				PRODUCT_BUNDLE_IDENTIFIER = "indianic.Fileworx-Patrick";
				PRODUCT_NAME = "$(TARGET_NAME)";
				SWIFT_VERSION = 3.0;
			};
			name = Release;
		};
/* End XCBuildConfiguration section */

/* Begin XCConfigurationList section */
		A9AC35C91E1B72F70053B560 /* Build configuration list for PBXProject "Fileworx_Patrick" */ = {
			isa = XCConfigurationList;
			buildConfigurations = (
				A9AC35DE1E1B72F70053B560 /* Debug */,
				A9AC35DF1E1B72F70053B560 /* Release */,
			);
			defaultConfigurationIsVisible = 0;
			defaultConfigurationName = Release;
		};
		A9AC35E01E1B72F70053B560 /* Build configuration list for PBXNativeTarget "Fileworx_Patrick" */ = {
			isa = XCConfigurationList;
			buildConfigurations = (
				A9AC35E11E1B72F70053B560 /* Debug */,
				A9AC35E21E1B72F70053B560 /* Release */,
			);
			defaultConfigurationIsVisible = 0;
			defaultConfigurationName = Release;
		};
/* End XCConfigurationList section */
	};
	rootObject = A9AC35C61E1B72F70053B560 /* Project object */;
}
